lockfileVersion: '9.0'

settings:
  autoInstallPeers: true
  excludeLinksFromLockfile: false

importers:

  .:
    dependencies:
      '@trpc/client':
        specifier: ^11.0.0
        version: 11.17.0(@trpc/server@11.17.0(typescript@6.0.3))(typescript@6.0.3)
      '@trpc/server':
        specifier: ^11.0.0
        version: 11.17.0(typescript@6.0.3)
      zod:
        specifier: ^3.23.0
        version: 3.25.76

packages:

  '@trpc/client@11.17.0':
    resolution: {integrity: sha512-KpJBFrbKTDeVCFv/3ckL1XBBH5Yssn8hethI/rUy7GIpTj+VzjtPjykDqJpzobuVOz+d26cXCSu1t4I6MYI5Zg==}
    hasBin: true
    peerDependencies:
      '@trpc/server': 11.17.0
      typescript: '>=5.7.2'

  '@trpc/server@11.17.0':
    resolution: {integrity: sha512-jbAOUe0PpUTCYqziyu+8vYXZdDXPudZgnEhWCQ2NjKnVEjfE93RqHTt1oycZJv/HNf51YlRXfEEwSIAbb161rw==}
    hasBin: true
    peerDependencies:
      typescript: '>=5.7.2'

  typescript@6.0.3:
    resolution: {integrity: sha512-y2TvuxSZPDyQakkFRPZHKFm+KKVqIisdg9/CZwm9ftvKXLP8NRWj38/ODjNbr43SsoXqNuAisEf1GdCxqWcdBw==}
    engines: {node: '>=14.17'}
    hasBin: true

  zod@3.25.76:
    resolution: {integrity: sha512-gzUt/qt81nXsFGKIFcC3YnfEAx5NkunCfnDlvuBSSFS02bcXu4Lmea0AFIUwbLWxWPx3d9p8S5QoaujKcNQxcQ==}

snapshots:

  '@trpc/client@11.17.0(@trpc/server@11.17.0(typescript@6.0.3))(typescript@6.0.3)':
    dependencies:
      '@trpc/server': 11.17.0(typescript@6.0.3)
      typescript: 6.0.3

  '@trpc/server@11.17.0(typescript@6.0.3)':
    dependencies:
      typescript: 6.0.3

  typescript@6.0.3: {}

  zod@3.25.76: {}
